
Microsoft Visual Studio Solution File, Format Version 12.00
# Visual Studio Version 17
VisualStudioVersion = 17.14.36301.6 d17.14
MinimumVisualStudioVersion = 10.0.40219.1
Project("{FAE04EC0-301F-11D3-BF4B-00C04F79EFBC}") = "Prediction", "Prediction.csproj", "{FEF73879-1863-48E6-8C50-FB88D37BA967}"
EndProject
Global
	GlobalSection(SolutionConfigurationPlatforms) = preSolution
		Debug|Any CPU = Debug|Any CPU
		Release|Any CPU = Release|Any CPU
	EndGlobalSection
	GlobalSection(ProjectConfigurationPlatforms) = postSolution
		{FEF73879-1863-48E6-8C50-FB88D37BA967}.Debug|Any CPU.ActiveCfg = Debug|Any CPU
		{FEF73879-1863-48E6-8C50-FB88D37BA967}.Debug|Any CPU.Build.0 = Debug|Any CPU
		{FEF73879-1863-48E6-8C50-FB88D37BA967}.Release|Any CPU.ActiveCfg = Release|Any CPU
		{FEF73879-1863-48E6-8C50-FB88D37BA967}.Release|Any CPU.Build.0 = Release|Any CPU
	EndGlobalSection
	GlobalSection(SolutionProperties) = preSolution
		HideSolutionNode = FALSE
	EndGlobalSection
	GlobalSection(ExtensibilityGlobals) = postSolution
		SolutionGuid = {33A0D59E-7152-4AE1-9F5E-C5E9A121A5A4}
	EndGlobalSection
EndGlobal
